<?xml version="1.0" encoding="UTF-8"?>
<CodeBlocks_project_file>
	<FileVersion major="1" minor="6"/>
	<Project>
		<Option title="LunaLuxEngine"/>
		<Option makefile_is_custom="1"/>
		<Option compiler="gcc"/>
		<Option virtualFolders="CMake Files\;"/>
		<Build>
			<Target title="all">
				<Option working_dir="/home/phoenix/Desktop/LunaLuxEngine"/>
				<Option type="4"/>
				<MakeCommands>
					<Build command="/usr/bin/make -j4 -f &quot;/home/phoenix/Desktop/LunaLuxEngine/Makefile&quot;  VERBOSE=1 all"/>
					<CompileFile command="/usr/bin/make -j4 -f &quot;/home/phoenix/Desktop/LunaLuxEngine/Makefile&quot;  VERBOSE=1 &quot;$file&quot;"/>
					<Clean command="/usr/bin/make -j4 -f &quot;/home/phoenix/Desktop/LunaLuxEngine/Makefile&quot;  VERBOSE=1 clean"/>
					<DistClean command="/usr/bin/make -j4 -f &quot;/home/phoenix/Desktop/LunaLuxEngine/Makefile&quot;  VERBOSE=1 clean"/>
				</MakeCommands>
			</Target>
			<Target title="rebuild_cache">
				<Option working_dir="/home/phoenix/Desktop/LunaLuxEngine"/>
				<Option type="4"/>
				<MakeCommands>
					<Build command="/usr/bin/make -j4 -f &quot;/home/phoenix/Desktop/LunaLuxEngine/Makefile&quot;  VERBOSE=1 rebuild_cache"/>
					<CompileFile command="/usr/bin/make -j4 -f &quot;/home/phoenix/Desktop/LunaLuxEngine/Makefile&quot;  VERBOSE=1 &quot;$file&quot;"/>
					<Clean command="/usr/bin/make -j4 -f &quot;/home/phoenix/Desktop/LunaLuxEngine/Makefile&quot;  VERBOSE=1 clean"/>
					<DistClean command="/usr/bin/make -j4 -f &quot;/home/phoenix/Desktop/LunaLuxEngine/Makefile&quot;  VERBOSE=1 clean"/>
				</MakeCommands>
			</Target>
			<Target title="edit_cache">
				<Option working_dir="/home/phoenix/Desktop/LunaLuxEngine"/>
				<Option type="4"/>
				<MakeCommands>
					<Build command="/usr/bin/make -j4 -f &quot;/home/phoenix/Desktop/LunaLuxEngine/Makefile&quot;  VERBOSE=1 edit_cache"/>
					<CompileFile command="/usr/bin/make -j4 -f &quot;/home/phoenix/Desktop/LunaLuxEngine/Makefile&quot;  VERBOSE=1 &quot;$file&quot;"/>
					<Clean command="/usr/bin/make -j4 -f &quot;/home/phoenix/Desktop/LunaLuxEngine/Makefile&quot;  VERBOSE=1 clean"/>
					<DistClean command="/usr/bin/make -j4 -f &quot;/home/phoenix/Desktop/LunaLuxEngine/Makefile&quot;  VERBOSE=1 clean"/>
				</MakeCommands>
			</Target>
			<Target title="TestGame">
				<Option output="/home/phoenix/Desktop/LunaLuxEngine/TestGame" prefix_auto="0" extension_auto="0"/>
				<Option working_dir="/home/phoenix/Desktop/LunaLuxEngine"/>
				<Option object_output="./"/>
				<Option type="1"/>
				<Option compiler="gcc"/>
				<Compiler>
					<Add directory="/home/phoenix/Desktop/LunaLuxEngine/Includes"/>
					<Add directory="/home/phoenix/Desktop/LunaLuxEngine/STATIC"/>
					<Add directory="/home/phoenix/Desktop/LunaLuxEngine/IMPORTED"/>
					<Add directory="/home/phoenix/Desktop/LunaLuxEngine/src/Core_src"/>
					<Add directory="/home/phoenix/Desktop/LunaLuxEngine/src/Game_src"/>
					<Add directory="/usr/include/c++/9"/>
					<Add directory="/usr/include/x86_64-linux-gnu/c++/9"/>
					<Add directory="/usr/include/c++/9/backward"/>
					<Add directory="/usr/lib/gcc/x86_64-linux-gnu/9/include"/>
					<Add directory="/usr/local/include"/>
					<Add directory="/usr/include/x86_64-linux-gnu"/>
					<Add directory="/usr/include"/>
				</Compiler>
				<MakeCommands>
					<Build command="/usr/bin/make -j4 -f &quot;/home/phoenix/Desktop/LunaLuxEngine/Makefile&quot;  VERBOSE=1 TestGame"/>
					<CompileFile command="/usr/bin/make -j4 -f &quot;/home/phoenix/Desktop/LunaLuxEngine/Makefile&quot;  VERBOSE=1 &quot;$file&quot;"/>
					<Clean command="/usr/bin/make -j4 -f &quot;/home/phoenix/Desktop/LunaLuxEngine/Makefile&quot;  VERBOSE=1 clean"/>
					<DistClean command="/usr/bin/make -j4 -f &quot;/home/phoenix/Desktop/LunaLuxEngine/Makefile&quot;  VERBOSE=1 clean"/>
				</MakeCommands>
			</Target>
			<Target title="TestGame/fast">
				<Option output="/home/phoenix/Desktop/LunaLuxEngine/TestGame" prefix_auto="0" extension_auto="0"/>
				<Option working_dir="/home/phoenix/Desktop/LunaLuxEngine"/>
				<Option object_output="./"/>
				<Option type="1"/>
				<Option compiler="gcc"/>
				<Compiler>
					<Add directory="/home/phoenix/Desktop/LunaLuxEngine/Includes"/>
					<Add directory="/home/phoenix/Desktop/LunaLuxEngine/STATIC"/>
					<Add directory="/home/phoenix/Desktop/LunaLuxEngine/IMPORTED"/>
					<Add directory="/home/phoenix/Desktop/LunaLuxEngine/src/Core_src"/>
					<Add directory="/home/phoenix/Desktop/LunaLuxEngine/src/Game_src"/>
					<Add directory="/usr/include/c++/9"/>
					<Add directory="/usr/include/x86_64-linux-gnu/c++/9"/>
					<Add directory="/usr/include/c++/9/backward"/>
					<Add directory="/usr/lib/gcc/x86_64-linux-gnu/9/include"/>
					<Add directory="/usr/local/include"/>
					<Add directory="/usr/include/x86_64-linux-gnu"/>
					<Add directory="/usr/include"/>
				</Compiler>
				<MakeCommands>
					<Build command="/usr/bin/make -j4 -f &quot;/home/phoenix/Desktop/LunaLuxEngine/Makefile&quot;  VERBOSE=1 TestGame/fast"/>
					<CompileFile command="/usr/bin/make -j4 -f &quot;/home/phoenix/Desktop/LunaLuxEngine/Makefile&quot;  VERBOSE=1 &quot;$file&quot;"/>
					<Clean command="/usr/bin/make -j4 -f &quot;/home/phoenix/Desktop/LunaLuxEngine/Makefile&quot;  VERBOSE=1 clean"/>
					<DistClean command="/usr/bin/make -j4 -f &quot;/home/phoenix/Desktop/LunaLuxEngine/Makefile&quot;  VERBOSE=1 clean"/>
				</MakeCommands>
			</Target>
			<Target title="LunaLuxEngineCore">
				<Option output="/home/phoenix/Desktop/LunaLuxEngine/libLunaLuxEngineCore.a" prefix_auto="0" extension_auto="0"/>
				<Option working_dir="/home/phoenix/Desktop/LunaLuxEngine"/>
				<Option object_output="./"/>
				<Option type="2"/>
				<Option compiler="gcc"/>
				<Compiler>
					<Add directory="/home/phoenix/Desktop/LunaLuxEngine/Includes"/>
					<Add directory="/home/phoenix/Desktop/LunaLuxEngine/STATIC"/>
					<Add directory="/home/phoenix/Desktop/LunaLuxEngine/IMPORTED"/>
					<Add directory="/home/phoenix/Desktop/LunaLuxEngine/src/Core_src"/>
					<Add directory="/home/phoenix/Desktop/LunaLuxEngine/src/Game_src"/>
					<Add directory="/usr/include/c++/9"/>
					<Add directory="/usr/include/x86_64-linux-gnu/c++/9"/>
					<Add directory="/usr/include/c++/9/backward"/>
					<Add directory="/usr/lib/gcc/x86_64-linux-gnu/9/include"/>
					<Add directory="/usr/local/include"/>
					<Add directory="/usr/include/x86_64-linux-gnu"/>
					<Add directory="/usr/include"/>
				</Compiler>
				<MakeCommands>
					<Build command="/usr/bin/make -j4 -f &quot;/home/phoenix/Desktop/LunaLuxEngine/Makefile&quot;  VERBOSE=1 LunaLuxEngineCore"/>
					<CompileFile command="/usr/bin/make -j4 -f &quot;/home/phoenix/Desktop/LunaLuxEngine/Makefile&quot;  VERBOSE=1 &quot;$file&quot;"/>
					<Clean command="/usr/bin/make -j4 -f &quot;/home/phoenix/Desktop/LunaLuxEngine/Makefile&quot;  VERBOSE=1 clean"/>
					<DistClean command="/usr/bin/make -j4 -f &quot;/home/phoenix/Desktop/LunaLuxEngine/Makefile&quot;  VERBOSE=1 clean"/>
				</MakeCommands>
			</Target>
			<Target title="LunaLuxEngineCore/fast">
				<Option output="/home/phoenix/Desktop/LunaLuxEngine/libLunaLuxEngineCore.a" prefix_auto="0" extension_auto="0"/>
				<Option working_dir="/home/phoenix/Desktop/LunaLuxEngine"/>
				<Option object_output="./"/>
				<Option type="2"/>
				<Option compiler="gcc"/>
				<Compiler>
					<Add directory="/home/phoenix/Desktop/LunaLuxEngine/Includes"/>
					<Add directory="/home/phoenix/Desktop/LunaLuxEngine/STATIC"/>
					<Add directory="/home/phoenix/Desktop/LunaLuxEngine/IMPORTED"/>
					<Add directory="/home/phoenix/Desktop/LunaLuxEngine/src/Core_src"/>
					<Add directory="/home/phoenix/Desktop/LunaLuxEngine/src/Game_src"/>
					<Add directory="/usr/include/c++/9"/>
					<Add directory="/usr/include/x86_64-linux-gnu/c++/9"/>
					<Add directory="/usr/include/c++/9/backward"/>
					<Add directory="/usr/lib/gcc/x86_64-linux-gnu/9/include"/>
					<Add directory="/usr/local/include"/>
					<Add directory="/usr/include/x86_64-linux-gnu"/>
					<Add directory="/usr/include"/>
				</Compiler>
				<MakeCommands>
					<Build command="/usr/bin/make -j4 -f &quot;/home/phoenix/Desktop/LunaLuxEngine/Makefile&quot;  VERBOSE=1 LunaLuxEngineCore/fast"/>
					<CompileFile command="/usr/bin/make -j4 -f &quot;/home/phoenix/Desktop/LunaLuxEngine/Makefile&quot;  VERBOSE=1 &quot;$file&quot;"/>
					<Clean command="/usr/bin/make -j4 -f &quot;/home/phoenix/Desktop/LunaLuxEngine/Makefile&quot;  VERBOSE=1 clean"/>
					<DistClean command="/usr/bin/make -j4 -f &quot;/home/phoenix/Desktop/LunaLuxEngine/Makefile&quot;  VERBOSE=1 clean"/>
				</MakeCommands>
			</Target>
		</Build>
		<Unit filename="/home/phoenix/Desktop/LunaLuxEngine/src/Core_src/LunaLuxEngineCore.cpp">
			<Option target="LunaLuxEngineCore"/>
		</Unit>
		<Unit filename="/home/phoenix/Desktop/LunaLuxEngine/src/Core_src/LunaLuxEngineCore.h">
			<Option target="LunaLuxEngineCore"/>
		</Unit>
		<Unit filename="/home/phoenix/Desktop/LunaLuxEngine/src/Core_src/common/EnginePanic.cpp">
			<Option target="LunaLuxEngineCore"/>
		</Unit>
		<Unit filename="/home/phoenix/Desktop/LunaLuxEngine/src/Core_src/common/EnginePanic.h">
			<Option target="LunaLuxEngineCore"/>
		</Unit>
		<Unit filename="/home/phoenix/Desktop/LunaLuxEngine/src/Core_src/common/Event.h">
			<Option target="LunaLuxEngineCore"/>
		</Unit>
		<Unit filename="/home/phoenix/Desktop/LunaLuxEngine/src/Core_src/fs/Reader.h">
			<Option target="LunaLuxEngineCore"/>
		</Unit>
		<Unit filename="/home/phoenix/Desktop/LunaLuxEngine/src/Core_src/render/Buffer.cpp">
			<Option target="LunaLuxEngineCore"/>
		</Unit>
		<Unit filename="/home/phoenix/Desktop/LunaLuxEngine/src/Core_src/render/Buffer.h">
			<Option target="LunaLuxEngineCore"/>
		</Unit>
		<Unit filename="/home/phoenix/Desktop/LunaLuxEngine/src/Core_src/render/Common/IBuffer.h">
			<Option target="LunaLuxEngineCore"/>
		</Unit>
		<Unit filename="/home/phoenix/Desktop/LunaLuxEngine/src/Core_src/render/Common/ICamera.h">
			<Option target="LunaLuxEngineCore"/>
		</Unit>
		<Unit filename="/home/phoenix/Desktop/LunaLuxEngine/src/Core_src/render/Common/IContext.h">
			<Option target="LunaLuxEngineCore"/>
		</Unit>
		<Unit filename="/home/phoenix/Desktop/LunaLuxEngine/src/Core_src/render/Common/IRender.h">
			<Option target="LunaLuxEngineCore"/>
		</Unit>
		<Unit filename="/home/phoenix/Desktop/LunaLuxEngine/src/Core_src/render/Common/IShader.h">
			<Option target="LunaLuxEngineCore"/>
		</Unit>
		<Unit filename="/home/phoenix/Desktop/LunaLuxEngine/src/Core_src/render/Common/IShaderLayout.h">
			<Option target="LunaLuxEngineCore"/>
		</Unit>
		<Unit filename="/home/phoenix/Desktop/LunaLuxEngine/src/Core_src/render/OpenGL/OpenGLBuffer.cpp">
			<Option target="LunaLuxEngineCore"/>
		</Unit>
		<Unit filename="/home/phoenix/Desktop/LunaLuxEngine/src/Core_src/render/OpenGL/OpenGLBuffer.h">
			<Option target="LunaLuxEngineCore"/>
		</Unit>
		<Unit filename="/home/phoenix/Desktop/LunaLuxEngine/src/Core_src/render/OpenGL/OpenGLContext.cpp">
			<Option target="LunaLuxEngineCore"/>
		</Unit>
		<Unit filename="/home/phoenix/Desktop/LunaLuxEngine/src/Core_src/render/OpenGL/OpenGLContext.h">
			<Option target="LunaLuxEngineCore"/>
		</Unit>
		<Unit filename="/home/phoenix/Desktop/LunaLuxEngine/src/Core_src/render/OpenGL/OpenGLRenderer.cpp">
			<Option target="LunaLuxEngineCore"/>
		</Unit>
		<Unit filename="/home/phoenix/Desktop/LunaLuxEngine/src/Core_src/render/OpenGL/OpenGLRenderer.h">
			<Option target="LunaLuxEngineCore"/>
		</Unit>
		<Unit filename="/home/phoenix/Desktop/LunaLuxEngine/src/Core_src/render/OpenGL/OpenGLShader.cpp">
			<Option target="LunaLuxEngineCore"/>
		</Unit>
		<Unit filename="/home/phoenix/Desktop/LunaLuxEngine/src/Core_src/render/OpenGL/OpenGLShader.h">
			<Option target="LunaLuxEngineCore"/>
		</Unit>
		<Unit filename="/home/phoenix/Desktop/LunaLuxEngine/src/Core_src/render/Renderer.cpp">
			<Option target="LunaLuxEngineCore"/>
		</Unit>
		<Unit filename="/home/phoenix/Desktop/LunaLuxEngine/src/Core_src/render/Renderer.h">
			<Option target="LunaLuxEngineCore"/>
		</Unit>
		<Unit filename="/home/phoenix/Desktop/LunaLuxEngine/src/Core_src/render/Shader.cpp">
			<Option target="LunaLuxEngineCore"/>
		</Unit>
		<Unit filename="/home/phoenix/Desktop/LunaLuxEngine/src/Core_src/render/Shader.h">
			<Option target="LunaLuxEngineCore"/>
		</Unit>
		<Unit filename="/home/phoenix/Desktop/LunaLuxEngine/src/Core_src/window/IWindow.h">
			<Option target="LunaLuxEngineCore"/>
		</Unit>
		<Unit filename="/home/phoenix/Desktop/LunaLuxEngine/src/Core_src/window/Win32Window.cpp">
			<Option target="LunaLuxEngineCore"/>
		</Unit>
		<Unit filename="/home/phoenix/Desktop/LunaLuxEngine/src/Core_src/window/Win32Window.h">
			<Option target="LunaLuxEngineCore"/>
		</Unit>
		<Unit filename="/home/phoenix/Desktop/LunaLuxEngine/src/Core_src/window/Window.cpp">
			<Option target="LunaLuxEngineCore"/>
		</Unit>
		<Unit filename="/home/phoenix/Desktop/LunaLuxEngine/src/Core_src/window/Window.h">
			<Option target="LunaLuxEngineCore"/>
		</Unit>
		<Unit filename="/home/phoenix/Desktop/LunaLuxEngine/src/Core_src/window/X11Window.cpp">
			<Option target="LunaLuxEngineCore"/>
		</Unit>
		<Unit filename="/home/phoenix/Desktop/LunaLuxEngine/src/Core_src/window/X11Window.h">
			<Option target="LunaLuxEngineCore"/>
		</Unit>
		<Unit filename="/home/phoenix/Desktop/LunaLuxEngine/src/Game_src/Game.cpp">
			<Option target="TestGame"/>
		</Unit>
		<Unit filename="/home/phoenix/Desktop/LunaLuxEngine/src/Game_src/Game.h">
			<Option target="TestGame"/>
		</Unit>
		<Unit filename="/home/phoenix/Desktop/LunaLuxEngine/src/Game_src/main.cpp">
			<Option target="TestGame"/>
		</Unit>
		<Unit filename="/home/phoenix/Desktop/LunaLuxEngine/CMakeLists.txt">
			<Option virtualFolder="CMake Files\"/>
		</Unit>
	</Project>
</CodeBlocks_project_file>
